
Microsoft Visual Studio Solution File, Format Version 12.00
# Visual Studio Version 16
VisualStudioVersion = 16.0.31105.61
MinimumVisualStudioVersion = 10.0.40219.1
Project("{9A19103F-16F7-4668-BE54-9A1E7A4F7556}") = "Core.Threading", "Core.Threading\Core.Threading.csproj", "{A176C03D-7622-4574-8F1C-DE3E1016F4CF}"
EndProject
Project("{FAE04EC0-301F-11D3-BF4B-00C04F79EFBC}") = "Core.Threading.Tests", "Core.Threading.Tests\Core.Threading.Tests.csproj", "{B11298D0-1C13-4D7F-8243-3816CDBF6BB9}"
EndProject
Global
	GlobalSection(SolutionConfigurationPlatforms) = preSolution
		Debug|Any CPU = Debug|Any CPU
		Release|Any CPU = Release|Any CPU
	EndGlobalSection
	GlobalSection(ProjectConfigurationPlatforms) = postSolution
		{A176C03D-7622-4574-8F1C-DE3E1016F4CF}.Debug|Any CPU.ActiveCfg = Debug|Any CPU
		{A176C03D-7622-4574-8F1C-DE3E1016F4CF}.Debug|Any CPU.Build.0 = Debug|Any CPU
		{A176C03D-7622-4574-8F1C-DE3E1016F4CF}.Release|Any CPU.ActiveCfg = Release|Any CPU
		{A176C03D-7622-4574-8F1C-DE3E1016F4CF}.Release|Any CPU.Build.0 = Release|Any CPU
		{B11298D0-1C13-4D7F-8243-3816CDBF6BB9}.Debug|Any CPU.ActiveCfg = Debug|Any CPU
		{B11298D0-1C13-4D7F-8243-3816CDBF6BB9}.Debug|Any CPU.Build.0 = Debug|Any CPU
		{B11298D0-1C13-4D7F-8243-3816CDBF6BB9}.Release|Any CPU.ActiveCfg = Release|Any CPU
		{B11298D0-1C13-4D7F-8243-3816CDBF6BB9}.Release|Any CPU.Build.0 = Release|Any CPU
	EndGlobalSection
	GlobalSection(SolutionProperties) = preSolution
		HideSolutionNode = FALSE
	EndGlobalSection
	GlobalSection(ExtensibilityGlobals) = postSolution
		SolutionGuid = {FE33231D-8782-47AA-89EE-FA4B85AC76EC}
	EndGlobalSection
EndGlobal
